Microsoft Visual Studio Solution File, Format Version 12.00
# Visual Studio 15
VisualStudioVersion = 15.0.26124.0
MinimumVisualStudioVersion = 15.0.26124.0
Project("{9A19103F-16F7-4668-BE54-9A1E7A4F7556}") = "Jist.Next", "Jist.Next\Jist.Next.csproj", "{0EDC23D3-D013-4A2C-A297-5D111A0C5991}"
EndProject
Project("{9A19103F-16F7-4668-BE54-9A1E7A4F7556}") = "Jist.Next.Tests", "Jist.Next.Tests\Jist.Next.Tests.csproj", "{7617CD89-E8D3-4F30-B1CA-48A5DF981969}"
EndProject
Project("{9A19103F-16F7-4668-BE54-9A1E7A4F7556}") = "Jist.Next.Plugin", "Jist.Next.Plugin\Jist.Next.Plugin.csproj", "{E7B8A902-0FFA-4615-9DA8-46C64624B691}"
EndProject
Global
	GlobalSection(SolutionConfigurationPlatforms) = preSolution
		Debug|Any CPU = Debug|Any CPU
		Debug|x64 = Debug|x64
		Debug|x86 = Debug|x86
		Release|Any CPU = Release|Any CPU
		Release|x64 = Release|x64
		Release|x86 = Release|x86
	EndGlobalSection
	GlobalSection(ProjectConfigurationPlatforms) = postSolution
		{0EDC23D3-D013-4A2C-A297-5D111A0C5991}.Debug|Any CPU.ActiveCfg = Debug|Any CPU
		{0EDC23D3-D013-4A2C-A297-5D111A0C5991}.Debug|Any CPU.Build.0 = Debug|Any CPU
		{0EDC23D3-D013-4A2C-A297-5D111A0C5991}.Debug|x64.ActiveCfg = Debug|Any CPU
		{0EDC23D3-D013-4A2C-A297-5D111A0C5991}.Debug|x64.Build.0 = Debug|Any CPU
		{0EDC23D3-D013-4A2C-A297-5D111A0C5991}.Debug|x86.ActiveCfg = Debug|Any CPU
		{0EDC23D3-D013-4A2C-A297-5D111A0C5991}.Debug|x86.Build.0 = Debug|Any CPU
		{0EDC23D3-D013-4A2C-A297-5D111A0C5991}.Release|Any CPU.ActiveCfg = Release|Any CPU
		{0EDC23D3-D013-4A2C-A297-5D111A0C5991}.Release|Any CPU.Build.0 = Release|Any CPU
		{0EDC23D3-D013-4A2C-A297-5D111A0C5991}.Release|x64.ActiveCfg = Release|Any CPU
		{0EDC23D3-D013-4A2C-A297-5D111A0C5991}.Release|x64.Build.0 = Release|Any CPU
		{0EDC23D3-D013-4A2C-A297-5D111A0C5991}.Release|x86.ActiveCfg = Release|Any CPU
		{0EDC23D3-D013-4A2C-A297-5D111A0C5991}.Release|x86.Build.0 = Release|Any CPU
		{7617CD89-E8D3-4F30-B1CA-48A5DF981969}.Debug|Any CPU.ActiveCfg = Debug|Any CPU
		{7617CD89-E8D3-4F30-B1CA-48A5DF981969}.Debug|Any CPU.Build.0 = Debug|Any CPU
		{7617CD89-E8D3-4F30-B1CA-48A5DF981969}.Debug|x64.ActiveCfg = Debug|Any CPU
		{7617CD89-E8D3-4F30-B1CA-48A5DF981969}.Debug|x64.Build.0 = Debug|Any CPU
		{7617CD89-E8D3-4F30-B1CA-48A5DF981969}.Debug|x86.ActiveCfg = Debug|Any CPU
		{7617CD89-E8D3-4F30-B1CA-48A5DF981969}.Debug|x86.Build.0 = Debug|Any CPU
		{7617CD89-E8D3-4F30-B1CA-48A5DF981969}.Release|Any CPU.ActiveCfg = Release|Any CPU
		{7617CD89-E8D3-4F30-B1CA-48A5DF981969}.Release|Any CPU.Build.0 = Release|Any CPU
		{7617CD89-E8D3-4F30-B1CA-48A5DF981969}.Release|x64.ActiveCfg = Release|Any CPU
		{7617CD89-E8D3-4F30-B1CA-48A5DF981969}.Release|x64.Build.0 = Release|Any CPU
		{7617CD89-E8D3-4F30-B1CA-48A5DF981969}.Release|x86.ActiveCfg = Release|Any CPU
		{7617CD89-E8D3-4F30-B1CA-48A5DF981969}.Release|x86.Build.0 = Release|Any CPU
		{E7B8A902-0FFA-4615-9DA8-46C64624B691}.Debug|Any CPU.ActiveCfg = Debug|Any CPU
		{E7B8A902-0FFA-4615-9DA8-46C64624B691}.Debug|Any CPU.Build.0 = Debug|Any CPU
		{E7B8A902-0FFA-4615-9DA8-46C64624B691}.Debug|x64.ActiveCfg = Debug|Any CPU
		{E7B8A902-0FFA-4615-9DA8-46C64624B691}.Debug|x64.Build.0 = Debug|Any CPU
		{E7B8A902-0FFA-4615-9DA8-46C64624B691}.Debug|x86.ActiveCfg = Debug|Any CPU
		{E7B8A902-0FFA-4615-9DA8-46C64624B691}.Debug|x86.Build.0 = Debug|Any CPU
		{E7B8A902-0FFA-4615-9DA8-46C64624B691}.Release|Any CPU.ActiveCfg = Release|Any CPU
		{E7B8A902-0FFA-4615-9DA8-46C64624B691}.Release|Any CPU.Build.0 = Release|Any CPU
		{E7B8A902-0FFA-4615-9DA8-46C64624B691}.Release|x64.ActiveCfg = Release|Any CPU
		{E7B8A902-0FFA-4615-9DA8-46C64624B691}.Release|x64.Build.0 = Release|Any CPU
		{E7B8A902-0FFA-4615-9DA8-46C64624B691}.Release|x86.ActiveCfg = Release|Any CPU
		{E7B8A902-0FFA-4615-9DA8-46C64624B691}.Release|x86.Build.0 = Release|Any CPU
	EndGlobalSection
	GlobalSection(SolutionProperties) = preSolution
		HideSolutionNode = FALSE
	EndGlobalSection
	GlobalSection(ExtensibilityGlobals) = postSolution
		SolutionGuid = {6ADC6B13-CCB3-4A3C-BACE-9F47603EFB48}
	EndGlobalSection
EndGlobal
